
Microsoft Visual Studio Solution File, Format Version 12.00
# Visual Studio Version 16
VisualStudioVersion = 16.0.31019.35
MinimumVisualStudioVersion = 10.0.40219.1
Project("{9A19103F-16F7-4668-BE54-9A1E7A4F7556}") = "StudentRecordsUsingBasicFileSys", "StudentRecords\StudentRecordsUsingBasicFileSys.csproj", "{8F6E3D61-E4F4-47EB-98C1-5FAD04C9CE71}"
EndProject
Global
	GlobalSection(SolutionConfigurationPlatforms) = preSolution
		Debug|Any CPU = Debug|Any CPU
		Release|Any CPU = Release|Any CPU
	EndGlobalSection
	GlobalSection(ProjectConfigurationPlatforms) = postSolution
		{8F6E3D61-E4F4-47EB-98C1-5FAD04C9CE71}.Debug|Any CPU.ActiveCfg = Debug|Any CPU
		{8F6E3D61-E4F4-47EB-98C1-5FAD04C9CE71}.Debug|Any CPU.Build.0 = Debug|Any CPU
		{8F6E3D61-E4F4-47EB-98C1-5FAD04C9CE71}.Release|Any CPU.ActiveCfg = Release|Any CPU
		{8F6E3D61-E4F4-47EB-98C1-5FAD04C9CE71}.Release|Any CPU.Build.0 = Release|Any CPU
	EndGlobalSection
	GlobalSection(SolutionProperties) = preSolution
		HideSolutionNode = FALSE
	EndGlobalSection
	GlobalSection(ExtensibilityGlobals) = postSolution
		SolutionGuid = {FAAF8529-D883-48CA-85F4-D361D1EDBEEA}
	EndGlobalSection
EndGlobal
